github.com/HugoBlox/kit/modules/blox v0.11.1-0.20260116013322-65c25ff8d006 h1:JNE2jqdjLQxL6bjwbrKSiyCsNv4Z4YHH/e6+XVJ0Pmg=
github.com/HugoBlox/kit/modules/blox v0.11.1-0.20260116013322-65c25ff8d006/go.mod h1:0F2Ss2NeylmaBP7+qx0U6zFPeMZ9NoLbAQakKXDqygo=
github.com/HugoBlox/kit/modules/integrations/netlify v1.2.2-0.20260102210655-66cba27dc652 h1:Q7RzZQgLHrGtVKrIx+g1QY7fJQzJeOA8GAwyZzx2WTI=
github.com/HugoBlox/kit/modules/integrations/netlify v1.2.2-0.20260102210655-66cba27dc652/go.mod h1:UuppRGml2K1EmlDkN+HemycohgZLjOy0QPGYOnoPnY4=
github.com/HugoBlox/kit/modules/slides v1.2.6-0.20260113153632-aa9edea5df2a h1:GhSl1sMyy7gnul47Tno6rol5guXbFMA/Ljz3t6MY48U=
github.com/HugoBlox/kit/modules/slides v1.2.6-0.20260113153632-aa9edea5df2a/go.mod h1:/XTQAtd2KCiwg/GVMAoSzKPf/DYPVbAAEysmBdWgYu4=
