github.com/HugoBlox/kit/modules/analytics v0.3.2 h1:kg/th7kAgETFgCJCiFZfLjAC/KAVeFxlExVlOjNg0jE=
github.com/HugoBlox/kit/modules/analytics v0.3.2/go.mod h1:lEEX95UxzXCMulsg51SIkOtlrj3nKU99fAOV+rQ91bw=
github.com/HugoBlox/kit/modules/blox v0.12.1-0.20260527025321-61f41d3667f1 h1:S46sScvzbddkiGi3+ncz5mPRHkFw4Lvfuv3pxfYiPJU=
github.com/HugoBlox/kit/modules/blox v0.12.1-0.20260527025321-61f41d3667f1/go.mod h1:0F2Ss2NeylmaBP7+qx0U6zFPeMZ9NoLbAQakKXDqygo=
github.com/HugoBlox/kit/modules/blox v0.12.1-0.20260527025414-68cbf3353012 h1:xAl914jbOw0LQrIsFlHpoEnz8nRLWCEJo3UVztYNmOY=
github.com/HugoBlox/kit/modules/blox v0.12.1-0.20260527025414-68cbf3353012/go.mod h1:0F2Ss2NeylmaBP7+qx0U6zFPeMZ9NoLbAQakKXDqygo=
github.com/HugoBlox/kit/modules/slides v1.3.0 h1:jMvtb0dtbXpN7PFol/sLt99ITJlVu8fFls5ZSnrIl7M=
github.com/HugoBlox/kit/modules/slides v1.3.0/go.mod h1:/XTQAtd2KCiwg/GVMAoSzKPf/DYPVbAAEysmBdWgYu4=
