github.com/HugoBlox/hugo-blox-builder/modules/blox-analytics v0.3.0 h1:dsWADTg5iRxn1f9oGnqyAiLvB7B45VueXM4z46Oz4Ls=
github.com/HugoBlox/hugo-blox-builder/modules/blox-analytics v0.3.0/go.mod h1:0YQtVvRLCzZOpPmbVNk7WDx8t19/QfRTFO+pwyqQNk8=
github.com/HugoBlox/hugo-blox-builder/modules/blox-plugin-netlify v1.2.0 h1:I0urN3LANA8Cv+y5Nk05D44x4d1mj00NrPSmoFKtiKg=
github.com/HugoBlox/hugo-blox-builder/modules/blox-plugin-netlify v1.2.0/go.mod h1:C7jfxMLv1bEUqbM9XDSmEpfOpS8w06OgqNDEcbuRgL4=
github.com/HugoBlox/hugo-blox-builder/modules/blox-plugin-reveal v1.2.4 h1:Y9moOoDf7yePBCUHrHwIQwpli/mZ7w0/WP9fvvu2oAA=
github.com/HugoBlox/hugo-blox-builder/modules/blox-plugin-reveal v1.2.4/go.mod h1:rc3iv07XFylONQor5A4GdjTffe4asUSdnC1VgzmQ5+s=
github.com/HugoBlox/hugo-blox-builder/modules/blox-tailwind v0.10.0 h1:LZnRHMenSA0UJqVGKS3Unk+W+y2IDiYRzdCaGueoFzc=
github.com/HugoBlox/hugo-blox-builder/modules/blox-tailwind v0.10.0/go.mod h1:iiKLoehg9IqQd0R4jUfhl+wvJCiXPNgV88A/V8iKSLY=
github.com/HugoBlox/kit/modules/analytics v0.3.1 h1:ycPhZARCshIBbad6opbPgj36zvWe4lj5u0LJVcRMyqw=
github.com/HugoBlox/kit/modules/analytics v0.3.1/go.mod h1:B0DPb/ZHR713/rzAxWoUqOwGP+ZuX2kT8DHkJsgUPa8=
github.com/HugoBlox/kit/modules/analytics v0.3.2 h1:kg/th7kAgETFgCJCiFZfLjAC/KAVeFxlExVlOjNg0jE=
github.com/HugoBlox/kit/modules/analytics v0.3.2/go.mod h1:lEEX95UxzXCMulsg51SIkOtlrj3nKU99fAOV+rQ91bw=
github.com/HugoBlox/kit/modules/blox v0.0.0-20260106201334-85307a809791 h1:w2sHTtEWpTDubeXzBE1eFlE/vjfBpbAbUO42Xo9YewI=
github.com/HugoBlox/kit/modules/blox v0.0.0-20260106201334-85307a809791/go.mod h1:0F2Ss2NeylmaBP7+qx0U6zFPeMZ9NoLbAQakKXDqygo=
github.com/HugoBlox/kit/modules/blox v0.0.0-20260115004143-27742d31a056 h1:kSDLLRiRGcMhPBXz/HQqXrOim4SZsM79pM2ezog2aL0=
github.com/HugoBlox/kit/modules/blox v0.0.0-20260115004143-27742d31a056/go.mod h1:0F2Ss2NeylmaBP7+qx0U6zFPeMZ9NoLbAQakKXDqygo=
github.com/HugoBlox/kit/modules/blox v0.12.0 h1:IFw9heH1MBgs2kCdproVZeUu2z2x+cjy9vCAegyldjc=
github.com/HugoBlox/kit/modules/blox v0.12.0/go.mod h1:0F2Ss2NeylmaBP7+qx0U6zFPeMZ9NoLbAQakKXDqygo=
github.com/HugoBlox/kit/modules/integrations/netlify v0.0.0-20260102210655-66cba27dc652 h1:KdTgOy8hzPOUJcMyR6Tp2k3tyaJzoxz2e1zaddcG0uk=
github.com/HugoBlox/kit/modules/integrations/netlify v0.0.0-20260102210655-66cba27dc652/go.mod h1:UuppRGml2K1EmlDkN+HemycohgZLjOy0QPGYOnoPnY4=
github.com/HugoBlox/kit/modules/integrations/netlify v1.3.0 h1:OP7H3ZaN9cXQrGEzOXt2uD1IRD1MNFGbI5qIM75gth8=
github.com/HugoBlox/kit/modules/integrations/netlify v1.3.0/go.mod h1:UuppRGml2K1EmlDkN+HemycohgZLjOy0QPGYOnoPnY4=
github.com/HugoBlox/kit/modules/slides v0.0.0-20260106201226-bfdcb6603c34 h1:d4BMRFFG7O5HEcL3FQULno0yn2zlpGUuG2gfa1Ip7xw=
github.com/HugoBlox/kit/modules/slides v0.0.0-20260106201226-bfdcb6603c34/go.mod h1:/XTQAtd2KCiwg/GVMAoSzKPf/DYPVbAAEysmBdWgYu4=
github.com/HugoBlox/kit/modules/slides v0.0.0-20260113153632-aa9edea5df2a h1:pAmM7/M2gichwWvDNlf3ItReJxkmewP6mEXv1ymJVBU=
github.com/HugoBlox/kit/modules/slides v0.0.0-20260113153632-aa9edea5df2a/go.mod h1:/XTQAtd2KCiwg/GVMAoSzKPf/DYPVbAAEysmBdWgYu4=
github.com/HugoBlox/kit/modules/slides v1.3.0 h1:jMvtb0dtbXpN7PFol/sLt99ITJlVu8fFls5ZSnrIl7M=
github.com/HugoBlox/kit/modules/slides v1.3.0/go.mod h1:/XTQAtd2KCiwg/GVMAoSzKPf/DYPVbAAEysmBdWgYu4=
